
Microsoft Visual Studio Solution File, Format Version 12.00
# Visual Studio Version 16
VisualStudioVersion = 16.0.30204.135
MinimumVisualStudioVersion = 10.0.40219.1
Project("{FAE04EC0-301F-11D3-BF4B-00C04F79EFBC}") = "SpatialTester", "SpatialTester\SpatialTester.csproj", "{3F659952-08A5-419E-AB16-27F5DAE4E83C}"
	ProjectSection(ProjectDependencies) = postProject
		{0D59173B-0AF8-466E-B395-8C14482E8BA1} = {0D59173B-0AF8-466E-B395-8C14482E8BA1}
	EndProjectSection
EndProject
Project("{8BC9CEB8-8B4A-11D0-8D11-00A0C91BC942}") = "SpatialHash", "SpatialHash\SpatialHash.vcxproj", "{0D59173B-0AF8-466E-B395-8C14482E8BA1}"
EndProject
Global
	GlobalSection(SolutionConfigurationPlatforms) = preSolution
		Debug|Any CPU = Debug|Any CPU
		Debug|x64 = Debug|x64
		Debug|x86 = Debug|x86
		Release|Any CPU = Release|Any CPU
		Release|x64 = Release|x64
		Release|x86 = Release|x86
	EndGlobalSection
	GlobalSection(ProjectConfigurationPlatforms) = postSolution
		{3F659952-08A5-419E-AB16-27F5DAE4E83C}.Debug|Any CPU.ActiveCfg = Debug|Any CPU
		{3F659952-08A5-419E-AB16-27F5DAE4E83C}.Debug|Any CPU.Build.0 = Debug|Any CPU
		{3F659952-08A5-419E-AB16-27F5DAE4E83C}.Debug|x64.ActiveCfg = Debug|Any CPU
		{3F659952-08A5-419E-AB16-27F5DAE4E83C}.Debug|x64.Build.0 = Debug|Any CPU
		{3F659952-08A5-419E-AB16-27F5DAE4E83C}.Debug|x86.ActiveCfg = Debug|Any CPU
		{3F659952-08A5-419E-AB16-27F5DAE4E83C}.Debug|x86.Build.0 = Debug|Any CPU
		{3F659952-08A5-419E-AB16-27F5DAE4E83C}.Release|Any CPU.ActiveCfg = Release|Any CPU
		{3F659952-08A5-419E-AB16-27F5DAE4E83C}.Release|Any CPU.Build.0 = Release|Any CPU
		{3F659952-08A5-419E-AB16-27F5DAE4E83C}.Release|x64.ActiveCfg = Release|Any CPU
		{3F659952-08A5-419E-AB16-27F5DAE4E83C}.Release|x64.Build.0 = Release|Any CPU
		{3F659952-08A5-419E-AB16-27F5DAE4E83C}.Release|x86.ActiveCfg = Release|Any CPU
		{3F659952-08A5-419E-AB16-27F5DAE4E83C}.Release|x86.Build.0 = Release|Any CPU
		{0D59173B-0AF8-466E-B395-8C14482E8BA1}.Debug|Any CPU.ActiveCfg = Debug|x64
		{0D59173B-0AF8-466E-B395-8C14482E8BA1}.Debug|Any CPU.Build.0 = Debug|x64
		{0D59173B-0AF8-466E-B395-8C14482E8BA1}.Debug|x64.ActiveCfg = Debug|x64
		{0D59173B-0AF8-466E-B395-8C14482E8BA1}.Debug|x64.Build.0 = Debug|x64
		{0D59173B-0AF8-466E-B395-8C14482E8BA1}.Debug|x86.ActiveCfg = Debug|Win32
		{0D59173B-0AF8-466E-B395-8C14482E8BA1}.Debug|x86.Build.0 = Debug|Win32
		{0D59173B-0AF8-466E-B395-8C14482E8BA1}.Release|Any CPU.ActiveCfg = Release|Win32
		{0D59173B-0AF8-466E-B395-8C14482E8BA1}.Release|x64.ActiveCfg = Release|x64
		{0D59173B-0AF8-466E-B395-8C14482E8BA1}.Release|x64.Build.0 = Release|x64
		{0D59173B-0AF8-466E-B395-8C14482E8BA1}.Release|x86.ActiveCfg = Release|Win32
		{0D59173B-0AF8-466E-B395-8C14482E8BA1}.Release|x86.Build.0 = Release|Win32
	EndGlobalSection
	GlobalSection(SolutionProperties) = preSolution
		HideSolutionNode = FALSE
	EndGlobalSection
	GlobalSection(ExtensibilityGlobals) = postSolution
		SolutionGuid = {7CAF4AB7-26CF-473A-B1CE-AF6FBD3CBB3F}
	EndGlobalSection
EndGlobal
